
Microsoft Visual Studio Solution File, Format Version 12.00
# Visual Studio Version 16
VisualStudioVersion = 16.0.29306.81
MinimumVisualStudioVersion = 10.0.40219.1
Project("{8BC9CEB8-8B4A-11D0-8D11-00A0C91BC942}") = "OS", "OS\OS.vcxproj", "{8A9C9CFF-5ACC-4BF5-9BB0-3DB3DA3AC642}"
EndProject
Project("{8BC9CEB8-8B4A-11D0-8D11-00A0C91BC942}") = "A", "A\A.vcxproj", "{73FFF7B4-C47C-441A-BA92-A164818CCD61}"
EndProject
Project("{8BC9CEB8-8B4A-11D0-8D11-00A0C91BC942}") = "B", "B\B.vcxproj", "{15A8B443-55DC-47A9-850A-F69AFD075B48}"
EndProject
Project("{8BC9CEB8-8B4A-11D0-8D11-00A0C91BC942}") = "CNK", "CNK\CNK.vcxproj", "{F63616B1-ADB1-4706-9FE5-B3D5FBF64A07}"
EndProject
Project("{8BC9CEB8-8B4A-11D0-8D11-00A0C91BC942}") = "Factorial", "Factorial\Factorial.vcxproj", "{F24E1946-B706-4900-AC40-C31118546BB9}"
EndProject
Project("{8BC9CEB8-8B4A-11D0-8D11-00A0C91BC942}") = "CNKThreads", "CNKThreads\CNKThreads.vcxproj", "{C378D4E2-9D53-42C2-9E03-1D91ED6B486A}"
EndProject
Project("{8BC9CEB8-8B4A-11D0-8D11-00A0C91BC942}") = "Events", "Events\Events.vcxproj", "{DD57B010-7C32-4057-836E-76763632AE5D}"
EndProject
Project("{8BC9CEB8-8B4A-11D0-8D11-00A0C91BC942}") = "ProducerConsumer", "ProducerConsumer\ProducerConsumer.vcxproj", "{A378B08A-3579-4001-8B09-8830352DF1D3}"
EndProject
Project("{8BC9CEB8-8B4A-11D0-8D11-00A0C91BC942}") = "CriticalSections", "CriticalSections\CriticalSections.vcxproj", "{7F5A67BF-973F-49FF-9E97-BD789BCBA96B}"
EndProject
Global
	GlobalSection(SolutionConfigurationPlatforms) = preSolution
		Debug|x64 = Debug|x64
		Debug|x86 = Debug|x86
		Release|x64 = Release|x64
		Release|x86 = Release|x86
	EndGlobalSection
	GlobalSection(ProjectConfigurationPlatforms) = postSolution
		{8A9C9CFF-5ACC-4BF5-9BB0-3DB3DA3AC642}.Debug|x64.ActiveCfg = Debug|x64
		{8A9C9CFF-5ACC-4BF5-9BB0-3DB3DA3AC642}.Debug|x64.Build.0 = Debug|x64
		{8A9C9CFF-5ACC-4BF5-9BB0-3DB3DA3AC642}.Debug|x86.ActiveCfg = Debug|Win32
		{8A9C9CFF-5ACC-4BF5-9BB0-3DB3DA3AC642}.Debug|x86.Build.0 = Debug|Win32
		{8A9C9CFF-5ACC-4BF5-9BB0-3DB3DA3AC642}.Release|x64.ActiveCfg = Release|x64
		{8A9C9CFF-5ACC-4BF5-9BB0-3DB3DA3AC642}.Release|x64.Build.0 = Release|x64
		{8A9C9CFF-5ACC-4BF5-9BB0-3DB3DA3AC642}.Release|x86.ActiveCfg = Release|Win32
		{8A9C9CFF-5ACC-4BF5-9BB0-3DB3DA3AC642}.Release|x86.Build.0 = Release|Win32
		{73FFF7B4-C47C-441A-BA92-A164818CCD61}.Debug|x64.ActiveCfg = Debug|x64
		{73FFF7B4-C47C-441A-BA92-A164818CCD61}.Debug|x64.Build.0 = Debug|x64
		{73FFF7B4-C47C-441A-BA92-A164818CCD61}.Debug|x86.ActiveCfg = Debug|Win32
		{73FFF7B4-C47C-441A-BA92-A164818CCD61}.Debug|x86.Build.0 = Debug|Win32
		{73FFF7B4-C47C-441A-BA92-A164818CCD61}.Release|x64.ActiveCfg = Release|x64
		{73FFF7B4-C47C-441A-BA92-A164818CCD61}.Release|x64.Build.0 = Release|x64
		{73FFF7B4-C47C-441A-BA92-A164818CCD61}.Release|x86.ActiveCfg = Release|Win32
		{73FFF7B4-C47C-441A-BA92-A164818CCD61}.Release|x86.Build.0 = Release|Win32
		{15A8B443-55DC-47A9-850A-F69AFD075B48}.Debug|x64.ActiveCfg = Debug|x64
		{15A8B443-55DC-47A9-850A-F69AFD075B48}.Debug|x64.Build.0 = Debug|x64
		{15A8B443-55DC-47A9-850A-F69AFD075B48}.Debug|x86.ActiveCfg = Debug|Win32
		{15A8B443-55DC-47A9-850A-F69AFD075B48}.Debug|x86.Build.0 = Debug|Win32
		{15A8B443-55DC-47A9-850A-F69AFD075B48}.Release|x64.ActiveCfg = Release|x64
		{15A8B443-55DC-47A9-850A-F69AFD075B48}.Release|x64.Build.0 = Release|x64
		{15A8B443-55DC-47A9-850A-F69AFD075B48}.Release|x86.ActiveCfg = Release|Win32
		{15A8B443-55DC-47A9-850A-F69AFD075B48}.Release|x86.Build.0 = Release|Win32
		{F63616B1-ADB1-4706-9FE5-B3D5FBF64A07}.Debug|x64.ActiveCfg = Debug|x64
		{F63616B1-ADB1-4706-9FE5-B3D5FBF64A07}.Debug|x64.Build.0 = Debug|x64
		{F63616B1-ADB1-4706-9FE5-B3D5FBF64A07}.Debug|x86.ActiveCfg = Debug|Win32
		{F63616B1-ADB1-4706-9FE5-B3D5FBF64A07}.Debug|x86.Build.0 = Debug|Win32
		{F63616B1-ADB1-4706-9FE5-B3D5FBF64A07}.Release|x64.ActiveCfg = Release|x64
		{F63616B1-ADB1-4706-9FE5-B3D5FBF64A07}.Release|x64.Build.0 = Release|x64
		{F63616B1-ADB1-4706-9FE5-B3D5FBF64A07}.Release|x86.ActiveCfg = Release|Win32
		{F63616B1-ADB1-4706-9FE5-B3D5FBF64A07}.Release|x86.Build.0 = Release|Win32
		{F24E1946-B706-4900-AC40-C31118546BB9}.Debug|x64.ActiveCfg = Debug|x64
		{F24E1946-B706-4900-AC40-C31118546BB9}.Debug|x64.Build.0 = Debug|x64
		{F24E1946-B706-4900-AC40-C31118546BB9}.Debug|x86.ActiveCfg = Debug|Win32
		{F24E1946-B706-4900-AC40-C31118546BB9}.Debug|x86.Build.0 = Debug|Win32
		{F24E1946-B706-4900-AC40-C31118546BB9}.Release|x64.ActiveCfg = Release|x64
		{F24E1946-B706-4900-AC40-C31118546BB9}.Release|x64.Build.0 = Release|x64
		{F24E1946-B706-4900-AC40-C31118546BB9}.Release|x86.ActiveCfg = Release|Win32
		{F24E1946-B706-4900-AC40-C31118546BB9}.Release|x86.Build.0 = Release|Win32
		{C378D4E2-9D53-42C2-9E03-1D91ED6B486A}.Debug|x64.ActiveCfg = Debug|x64
		{C378D4E2-9D53-42C2-9E03-1D91ED6B486A}.Debug|x64.Build.0 = Debug|x64
		{C378D4E2-9D53-42C2-9E03-1D91ED6B486A}.Debug|x86.ActiveCfg = Debug|Win32
		{C378D4E2-9D53-42C2-9E03-1D91ED6B486A}.Debug|x86.Build.0 = Debug|Win32
		{C378D4E2-9D53-42C2-9E03-1D91ED6B486A}.Release|x64.ActiveCfg = Release|x64
		{C378D4E2-9D53-42C2-9E03-1D91ED6B486A}.Release|x64.Build.0 = Release|x64
		{C378D4E2-9D53-42C2-9E03-1D91ED6B486A}.Release|x86.ActiveCfg = Release|Win32
		{C378D4E2-9D53-42C2-9E03-1D91ED6B486A}.Release|x86.Build.0 = Release|Win32
		{DD57B010-7C32-4057-836E-76763632AE5D}.Debug|x64.ActiveCfg = Debug|x64
		{DD57B010-7C32-4057-836E-76763632AE5D}.Debug|x64.Build.0 = Debug|x64
		{DD57B010-7C32-4057-836E-76763632AE5D}.Debug|x86.ActiveCfg = Debug|Win32
		{DD57B010-7C32-4057-836E-76763632AE5D}.Debug|x86.Build.0 = Debug|Win32
		{DD57B010-7C32-4057-836E-76763632AE5D}.Release|x64.ActiveCfg = Release|x64
		{DD57B010-7C32-4057-836E-76763632AE5D}.Release|x64.Build.0 = Release|x64
		{DD57B010-7C32-4057-836E-76763632AE5D}.Release|x86.ActiveCfg = Release|Win32
		{DD57B010-7C32-4057-836E-76763632AE5D}.Release|x86.Build.0 = Release|Win32
		{A378B08A-3579-4001-8B09-8830352DF1D3}.Debug|x64.ActiveCfg = Debug|x64
		{A378B08A-3579-4001-8B09-8830352DF1D3}.Debug|x64.Build.0 = Debug|x64
		{A378B08A-3579-4001-8B09-8830352DF1D3}.Debug|x86.ActiveCfg = Debug|Win32
		{A378B08A-3579-4001-8B09-8830352DF1D3}.Debug|x86.Build.0 = Debug|Win32
		{A378B08A-3579-4001-8B09-8830352DF1D3}.Release|x64.ActiveCfg = Release|x64
		{A378B08A-3579-4001-8B09-8830352DF1D3}.Release|x64.Build.0 = Release|x64
		{A378B08A-3579-4001-8B09-8830352DF1D3}.Release|x86.ActiveCfg = Release|Win32
		{A378B08A-3579-4001-8B09-8830352DF1D3}.Release|x86.Build.0 = Release|Win32
		{7F5A67BF-973F-49FF-9E97-BD789BCBA96B}.Debug|x64.ActiveCfg = Debug|x64
		{7F5A67BF-973F-49FF-9E97-BD789BCBA96B}.Debug|x64.Build.0 = Debug|x64
		{7F5A67BF-973F-49FF-9E97-BD789BCBA96B}.Debug|x86.ActiveCfg = Debug|Win32
		{7F5A67BF-973F-49FF-9E97-BD789BCBA96B}.Debug|x86.Build.0 = Debug|Win32
		{7F5A67BF-973F-49FF-9E97-BD789BCBA96B}.Release|x64.ActiveCfg = Release|x64
		{7F5A67BF-973F-49FF-9E97-BD789BCBA96B}.Release|x64.Build.0 = Release|x64
		{7F5A67BF-973F-49FF-9E97-BD789BCBA96B}.Release|x86.ActiveCfg = Release|Win32
		{7F5A67BF-973F-49FF-9E97-BD789BCBA96B}.Release|x86.Build.0 = Release|Win32
	EndGlobalSection
	GlobalSection(SolutionProperties) = preSolution
		HideSolutionNode = FALSE
	EndGlobalSection
	GlobalSection(ExtensibilityGlobals) = postSolution
		SolutionGuid = {4DA33472-7990-42C5-8BE6-E225C59E2FD9}
	EndGlobalSection
EndGlobal
